
Microsoft Visual Studio Solution File, Format Version 11.00
# Visual Studio 2010
Project("{FAE04EC0-301F-11D3-BF4B-00C04F79EFBC}") = "PDbPrueba", "PDbPrueba\PDbPrueba.csproj", "{420518CE-2A7B-4A67-BB5F-8D98374D2112}"
EndProject
Global
	GlobalSection(SolutionConfigurationPlatforms) = preSolution
		Debug|x86 = Debug|x86
		Release|x86 = Release|x86
	EndGlobalSection
	GlobalSection(ProjectConfigurationPlatforms) = postSolution
		{420518CE-2A7B-4A67-BB5F-8D98374D2112}.Debug|x86.ActiveCfg = Debug|x86
		{420518CE-2A7B-4A67-BB5F-8D98374D2112}.Debug|x86.Build.0 = Debug|x86
		{420518CE-2A7B-4A67-BB5F-8D98374D2112}.Release|x86.ActiveCfg = Release|x86
		{420518CE-2A7B-4A67-BB5F-8D98374D2112}.Release|x86.Build.0 = Release|x86
	EndGlobalSection
	GlobalSection(MonoDevelopProperties) = preSolution
		StartupItem = PDbPrueba\PDbPrueba.csproj
	EndGlobalSection
EndGlobal
